
Microsoft Visual Studio Solution File, Format Version 12.00
Project("{FAE04EC0-301F-11D3-BF4B-00C04F79EFBC}") = "MauiApp1", "MauiApp1\MauiApp1.csproj", "{A1BD9B33-C7A7-44B8-B899-DA0C9F998347}"
EndProject
Global
	GlobalSection(SolutionConfigurationPlatforms) = preSolution
		Debug|Any CPU = Debug|Any CPU
		Release|Any CPU = Release|Any CPU
	EndGlobalSection
	GlobalSection(ProjectConfigurationPlatforms) = postSolution
		{A1BD9B33-C7A7-44B8-B899-DA0C9F998347}.Debug|Any CPU.ActiveCfg = Debug|Any CPU
		{A1BD9B33-C7A7-44B8-B899-DA0C9F998347}.Debug|Any CPU.Build.0 = Debug|Any CPU
		{A1BD9B33-C7A7-44B8-B899-DA0C9F998347}.Release|Any CPU.ActiveCfg = Release|Any CPU
		{A1BD9B33-C7A7-44B8-B899-DA0C9F998347}.Release|Any CPU.Build.0 = Release|Any CPU
	EndGlobalSection
EndGlobal
